PODS:
  - InstagramLogin (1.3.0)
  - PureLayout (3.0.2)
  - SwiftInstagram (1.1.1):
    - SwiftInstagram/Core (= 1.1.1)
  - SwiftInstagram/Core (1.1.1)

DEPENDENCIES:
  - InstagramLogin
  - PureLayout
  - SwiftInstagram (~> 1.1.1)

SPEC REPOS:
  https://github.com/cocoapods/specs.git:
    - InstagramLogin
    - PureLayout
    - SwiftInstagram

SPEC CHECKSUMS:
  InstagramLogin: 55a3ab7aa6ee3f75bf06fdec1bb8f1e01e2c0b00
  PureLayout: 4d550abe49a94f24c2808b9b95db9131685fe4cd
  SwiftInstagram: 5f60415e522d1a7721073eb3a66f254a7c40fd63

PODFILE CHECKSUM: b4eecce92d03ba786d79d4d43c5c0f1da7d8e232

COCOAPODS: 1.5.3
